
Microsoft Visual Studio Solution File, Format Version 12.00
# Visual Studio 2013
VisualStudioVersion = 12.0.0.0
MinimumVisualStudioVersion = 10.0.0.1
Project("{FAE04EC0-301F-11D3-BF4B-00C04F79EFBC}") = "War", "War.csproj", "{FFDBEB55-BB2E-48C1-A8C6-74AF4AEC4EFE}"
EndProject
Global
	GlobalSection(SolutionConfigurationPlatforms) = preSolution
		Debug|Any CPU = Debug|Any CPU
		Release|Any CPU = Release|Any CPU
	EndGlobalSection
	GlobalSection(ProjectConfigurationPlatforms) = postSolution
		{FFDBEB55-BB2E-48C1-A8C6-74AF4AEC4EFE}.Debug|Any CPU.ActiveCfg = Debug|Any CPU
		{FFDBEB55-BB2E-48C1-A8C6-74AF4AEC4EFE}.Debug|Any CPU.Build.0 = Debug|Any CPU
		{FFDBEB55-BB2E-48C1-A8C6-74AF4AEC4EFE}.Release|Any CPU.ActiveCfg = Release|Any CPU
		{FFDBEB55-BB2E-48C1-A8C6-74AF4AEC4EFE}.Release|Any CPU.Build.0 = Release|Any CPU
	EndGlobalSection
	GlobalSection(SolutionProperties) = preSolution
		HideSolutionNode = FALSE
	EndGlobalSection
EndGlobal
